
Microsoft Visual Studio Solution File, Format Version 12.00
# Visual Studio Version 16
VisualStudioVersion = 16.0.30717.126
MinimumVisualStudioVersion = 10.0.40219.1
Project("{FAE04EC0-301F-11D3-BF4B-00C04F79EFBC}") = "Efforts Tracker", "Efforts Tracker\Efforts Tracker.csproj", "{A999A5BD-5C38-4F94-8AF3-BF1BC980E91F}"
EndProject
Global
	GlobalSection(SolutionConfigurationPlatforms) = preSolution
		Debug|Any CPU = Debug|Any CPU
		Release|Any CPU = Release|Any CPU
	EndGlobalSection
	GlobalSection(ProjectConfigurationPlatforms) = postSolution
		{A999A5BD-5C38-4F94-8AF3-BF1BC980E91F}.Debug|Any CPU.ActiveCfg = Debug|Any CPU
		{A999A5BD-5C38-4F94-8AF3-BF1BC980E91F}.Debug|Any CPU.Build.0 = Debug|Any CPU
		{A999A5BD-5C38-4F94-8AF3-BF1BC980E91F}.Release|Any CPU.ActiveCfg = Release|Any CPU
		{A999A5BD-5C38-4F94-8AF3-BF1BC980E91F}.Release|Any CPU.Build.0 = Release|Any CPU
	EndGlobalSection
	GlobalSection(SolutionProperties) = preSolution
		HideSolutionNode = FALSE
	EndGlobalSection
	GlobalSection(ExtensibilityGlobals) = postSolution
		SolutionGuid = {A301DF1F-1AC0-45D5-81AD-CD2C334A0E4A}
	EndGlobalSection
EndGlobal
